
Microsoft Visual Studio Solution File, Format Version 12.00
Project("{FAE04EC0-301F-11D3-BF4B-00C04F79EFBC}") = "Class2", "Class2\Class2.csproj", "{24A0A2B2-08D1-45BF-AE5A-C73F4FAA378E}"
EndProject
Global
	GlobalSection(SolutionConfigurationPlatforms) = preSolution
		Debug|Any CPU = Debug|Any CPU
		Release|Any CPU = Release|Any CPU
	EndGlobalSection
	GlobalSection(ProjectConfigurationPlatforms) = postSolution
		{24A0A2B2-08D1-45BF-AE5A-C73F4FAA378E}.Debug|Any CPU.ActiveCfg = Debug|Any CPU
		{24A0A2B2-08D1-45BF-AE5A-C73F4FAA378E}.Debug|Any CPU.Build.0 = Debug|Any CPU
		{24A0A2B2-08D1-45BF-AE5A-C73F4FAA378E}.Release|Any CPU.ActiveCfg = Release|Any CPU
		{24A0A2B2-08D1-45BF-AE5A-C73F4FAA378E}.Release|Any CPU.Build.0 = Release|Any CPU
	EndGlobalSection
EndGlobal
